{
  "name": "github-static-blog",
  "version": "1.0.0",
  "lockfileVersion": 2,
  "requires": true,
  "packages": {
    "": {
      "name": "github-static-blog",
      "version": "1.0.0",
      "license": "MIT",
      "dependencies": {
        "github-pages": "^0.1.0"
      }
    },
    "node_modules/github-pages": {
      "version": "0.1.0",
      "resolved": "https://registry.npmjs.org/github-pages/-/github-pages-0.1.0.tgz",
      "integrity": "sha1-L7yk48GdN+6DhJiYXBvoO5IP2zM="
    }
  },
  "dependencies": {
    "github-pages": {
      "version": "0.1.0",
      "resolved": "https://registry.npmjs.org/github-pages/-/github-pages-0.1.0.tgz",
      "integrity": "sha1-L7yk48GdN+6DhJiYXBvoO5IP2zM="
    }
  }
}
